{
  "version": "4",
  "specifiers": {
    "jsr:@std/assert@*": "1.0.12",
    "jsr:@std/dotenv@*": "0.225.3",
    "jsr:@std/dotenv@0.225.3": "0.225.3",
    "jsr:@std/internal@^1.0.6": "1.0.6",
    "npm:@modelcontextprotocol/sdk@1.10.2": "1.10.2_express@5.1.0_zod@3.24.3",
    "npm:@types/node@*": "22.12.0",
    "npm:@types/node@20.17.31": "20.17.31",
    "npm:tsdown@0.9.8": "0.9.8_rolldown@1.0.0-beta.8-commit.151352b__valibot@1.0.0___typescript@5.8.3__typescript@5.8.3_typescript@5.8.3",
    "npm:typescript@5.8.3": "5.8.3",
    "npm:zod@3.24.3": "3.24.3"
  },
  "jsr": {
    "@std/assert@1.0.12": {
      "integrity": "08009f0926dda9cbd8bef3a35d3b6a4b964b0ab5c3e140a4e0351fbf34af5b9a",
      "dependencies": [
        "jsr:@std/internal"
      ]
    },
    "@std/dotenv@0.225.3": {
      "integrity": "a95e5b812c27b0854c52acbae215856d9cce9d4bbf774d938c51d212711e8d4a"
    },
    "@std/internal@1.0.6": {
      "integrity": "9533b128f230f73bd209408bb07a4b12f8d4255ab2a4d22a1fd6d87304aca9a4"
    }
  },
  "npm": {
    "@emnapi/core@1.4.3": {
      "integrity": "sha512-4m62DuCE07lw01soJwPiBGC0nAww0Q+RY70VZ+n49yDIO13yyinhbWCeNnaob0lakDtWQzSdtNWzJeOJt2ma+g==",
      "dependencies": [
        "@emnapi/wasi-threads",
        "tslib"
      ]
    },
    "@emnapi/runtime@1.4.3": {
      "integrity": "sha512-pBPWdu6MLKROBX05wSNKcNb++m5Er+KQ9QkB+WVM+pW2Kx9hoSrVTnu3BdkI5eBLZoKu/J6mW/B6i6bJB2ytXQ==",
      "dependencies": [
        "tslib"
      ]
    },
    "@emnapi/wasi-threads@1.0.2": {
      "integrity": "sha512-5n3nTJblwRi8LlXkJ9eBzu+kZR8Yxcc7ubakyQTFzPMtIhFpUBRbsnc2Dv88IZDIbCDlBiWrknhB4Lsz7mg6BA==",
      "dependencies": [
        "tslib"
      ]
    },
    "@jridgewell/sourcemap-codec@1.5.0": {
      "integrity": "sha512-gv3ZRaISU3fjPAgNsriBRqGWQL6quFx04YMPW/zD8XMLsU32mhCCbfbO6KZFLjvYpCZ8zyDEgqsgf+PwPaM7GQ=="
    },
    "@modelcontextprotocol/sdk@1.10.2_express@5.1.0_zod@3.24.3": {
      "integrity": "sha512-rb6AMp2DR4SN+kc6L1ta2NCpApyA9WYNx3CrTSZvGxq9wH71bRur+zRqPfg0vQ9mjywR7qZdX2RGHOPq3ss+tA==",
      "dependencies": [
        "content-type",
        "cors",
        "cross-spawn",
        "eventsource",
        "express",
        "express-rate-limit",
        "pkce-challenge",
        "raw-body",
        "zod",
        "zod-to-json-schema"
      ]
    },
    "@napi-rs/wasm-runtime@0.2.9": {
      "integrity": "sha512-OKRBiajrrxB9ATokgEQoG87Z25c67pCpYcCwmXYX8PBftC9pBfN18gnm/fh1wurSLEKIAt+QRFLFCQISrb66Jg==",
      "dependencies": [
        "@emnapi/core",
        "@emnapi/runtime",
        "@tybys/wasm-util"
      ]
    },
    "@oxc-parser/binding-darwin-arm64@0.66.0": {
      "integrity": "sha512-vu0/j+qQTIguTGxSF7PLnB+2DR8w1GLX4JMk9dlndS2AobkzNuZYAaIfh9XuXKi1Y5SFnWdmCE8bvaqldDYdJg=="
    },
    "@oxc-parser/binding-darwin-x64@0.66.0": {
      "integrity": "sha512-zjStITzysMHDvBmznt4DpxzYQP4p6cBAkKUNqnYCP48uGuTcj5OxGzUayHaVAmeMGa0QovOJNOSZstJtX0OHWw=="
    },
    "@oxc-parser/binding-linux-arm-gnueabihf@0.66.0": {
      "integrity": "sha512-6H5CLALgpGX2q5X7iA9xYrSO+zgKH9bszCa4Yb8atyEOLglTebBjhqKY+aeSLJih+Yta7Nfe/nrjmGT1coQyJQ=="
    },
    "@oxc-parser/binding-linux-arm64-gnu@0.66.0": {
      "integrity": "sha512-uf6q2fOCVZKdw9OYoPQSYt1DMHKXSYV/ESHRaew8knTti5b8k5x9ulCDKVmS3nNEBw78t5gaWHpJJhBIkOy/vQ=="
    },
    "@oxc-parser/binding-linux-arm64-musl@0.66.0": {
      "integrity": "sha512-qpExxhkSyel+7ptl5ZMhKY0Pba0ida7QvyqDmn1UemDXkT5/Zehfv02VCd3Qy+xWSZt5LXWqSypA1UWmTnrgZQ=="
    },
    "@oxc-parser/binding-linux-x64-gnu@0.66.0": {
      "integrity": "sha512-ltiZA35r80I+dicRswuwBzggJ4wOcx/Nyh/2tNgiZZ1Ds21zu96De5yWspfvh4VLioJJtHkYLfdHyjuWadZdlQ=="
    },
    "@oxc-parser/binding-linux-x64-musl@0.66.0": {
      "integrity": "sha512-LeQYFU/BDZIFutjBPh6VE6Q0ldXF58/Z8W8+h7ihRPRs+BBzwZq8GeLeILK+lUe/hqGAdfGJWKjsRAzsGW1zMA=="
    },
    "@oxc-parser/binding-wasm32-wasi@0.66.0": {
      "integrity": "sha512-4N9C5Ml79IiKCLnTzG/lppTbsXWyo4pEuH5zOMctS6K6KZF/k9XSukY1IEeMiblpqrnUHmVmsm1l3SuPP/50Bw==",
      "dependencies": [
        "@napi-rs/wasm-runtime"
      ]
    },
    "@oxc-parser/binding-win32-arm64-msvc@0.66.0": {
      "integrity": "sha512-v3B+wUB4s+JlxSUj7tAFF1qOcl8wXY2/m5KQfzU5noqjZ03JdmC4A/CPaHbQkudlQFBrRq1IAAarNGnYfV7DXw=="
    },
    "@oxc-parser/binding-win32-x64-msvc@0.66.0": {
      "integrity": "sha512-J8HaFgP17qNyCLMnnqzGeI4NYZDcXDEECj6tMaJTafPJc+ooPF0vkEJhp6TrTOkg09rvf2EKVOkLO2C3OMLKrA=="
    },
    "@oxc-project/types@0.66.0": {
      "integrity": "sha512-KF5Wlo2KzQ+jmuCtrGISZoUfdHom7qHavNfPLW2KkeYJfYMGwtiia8KjwtsvNJ49qRiXImOCkPeVPd4bMlbR7w=="
    },
    "@oxc-resolver/binding-darwin-arm64@6.0.2": {
      "integrity": "sha512-86IUnBOHrCQknSOGseG5vzzHCaPyPQK4VH4QGFo/Hcd7XloSwTj2oI2ia6+2/9wFNg5ysb9y6/IO+c4XJGGBew=="
    },
    "@oxc-resolver/binding-darwin-x64@6.0.2": {
      "integrity": "sha512-KHKUg2Tyz3W1Dugp1mDkUXv0P3+0jyiFHxBER/R/DxKh39XkOk2meTZ3dIc0ysM/0rEFW7H0rmIh5eGyv+0l5w=="
    },
    "@oxc-resolver/binding-freebsd-x64@6.0.2": {
      "integrity": "sha512-Sz2GF9ndHcnWbLq+uGeryJSh06NKqZHnPtwxugOQyeG9gkEDKc+UxG4ngWyxeBO0ZcGoeCQgYnngm1LFgjVLXA=="
    },
    "@oxc-resolver/binding-linux-arm-gnueabihf@6.0.2": {
      "integrity": "sha512-Gq8Jbxru9HS6gv8g7FU6ednkHzH+9yTle5xJyNxuMUYFXkrUuvYBzS1Fysf6BUxlbLwMhVBMBZILhO+HYabdbg=="
    },
    "@oxc-resolver/binding-linux-arm64-gnu@6.0.2": {
      "integrity": "sha512-5YAv/XmkiZVAnSMIQ+y+0mq43yuJsGwmqOtj3feYPykBeHl3nu0Jje1Ql9pRWmTp9hJr21Ln/tVl1ee4bazlAg=="
    },
    "@oxc-resolver/binding-linux-arm64-musl@6.0.2": {
      "integrity": "sha512-zei0sV43KJCODjEyHG2XTeMTyg7Dz+Or3847XIOnq1g+UdcS4WKe2ilLgOmGWO1xE1YImU9cPr9lfSCnGbnbEg=="
    },
    "@oxc-resolver/binding-linux-riscv64-gnu@6.0.2": {
      "integrity": "sha512-z/uHEcgx4AZBq19JLHBNrGSNpKdnQg7GxNEJdKwLNnEDXk6jyV4+aPFACtPGS93aCuSRmwFuGyA5MzKgPcxf3g=="
    },
    "@oxc-resolver/binding-linux-s390x-gnu@6.0.2": {
      "integrity": "sha512-2qIGQcjYwose7G+sW9NCLNXhGocnsBP5sQzghrUV6BkoNR4i77B4YHyCZA7DgPzbJAC9SJivfZOD35flaqF1Vg=="
    },
    "@oxc-resolver/binding-linux-x64-gnu@6.0.2": {
      "integrity": "sha512-c0VSjaGXa//deVhBGx2bd4dgAv3ietmPKQOuLyV0x7qsBJnGtytRLytljdLicBkPVUSBj5nvgLYJvUyXwoeYJw=="
    },
    "@oxc-resolver/binding-linux-x64-musl@6.0.2": {
      "integrity": "sha512-j6qVZY0WMFcgPlT0iROlbowahY+XcX6sTcoSp7UubiXWo0QHwO8SgJuqe4bX25cH7NOiYvEHj+shALY73ad0Uw=="
    },
    "@oxc-resolver/binding-wasm32-wasi@6.0.2": {
      "integrity": "sha512-ptlIqfqyBzPEnvP7moGQzYOKRmqbyNyRg+Q2sqU/sqfC4hAkceBQFuzCYwWSb1zOu2Z7rvhx/8ducR6c4+2qtw==",
      "dependencies": [
        "@napi-rs/wasm-runtime"
      ]
    },
    "@oxc-resolver/binding-win32-arm64-msvc@6.0.2": {
      "integrity": "sha512-w53d0B4PqbpWejFroeTCMwsE+E2k0KxzwTo2OReKdP0zU0pSTkvi/S3EGsUDLfVyQzGSgtIs12AsSLtJDmUMvg=="
    },
    "@oxc-resolver/binding-win32-x64-msvc@6.0.2": {
      "integrity": "sha512-VCsWMFEmJJqkasuZC7TngxensVGZ0cDX5xqYigs7SCzM0kNH1Um+Ke+O3U1raHzwUiIdJzevpZCwmaFjE3TItg=="
    },
    "@oxc-transform/binding-darwin-arm64@0.66.0": {
      "integrity": "sha512-EVaarR0u/ohSc66oOsMY+SIhLy0YXRIvVeCEoNKOQe+UCzDrd344YH0qxlfQ3EIGzUhf4NqBWuXvZTWJq4qdTA=="
    },
    "@oxc-transform/binding-darwin-x64@0.66.0": {
      "integrity": "sha512-nmvKnIsqkVAHfpQkdEoWYcYFSiPjWc5ioM4UfdJB3RbIdusoyqBJLywDec1PHE770lTfHxHccMy1vk2dr25cVw=="
    },
    "@oxc-transform/binding-linux-arm-gnueabihf@0.66.0": {
      "integrity": "sha512-RX94vb6+8JWylYuW0Restg6Gs7xxzmdZ96nHRSw281XPoHX94wHkGd8VMo7bUrPYsoRn5AmyIjH67gUNvsJiqw=="
    },
    "@oxc-transform/binding-linux-arm64-gnu@0.66.0": {
      "integrity": "sha512-KX2XLdeEnM8AxlL5IyylR0HkfEMD1z8OgNm3WKMB1CFxdJumni7EAPr1AlLVhvoiHyELk73Rrt6BR3+iVE3kEw=="
    },
    "@oxc-transform/binding-linux-arm64-musl@0.66.0": {
      "integrity": "sha512-fIiNlCEJFpVOWeFUVvEpfU06WShfseIsbNYmna9ah69XUYTivKYRelctLp3OGyUZusO0Hux6eA6vXj/K0X4NNA=="
    },
    "@oxc-transform/binding-linux-x64-gnu@0.66.0": {
      "integrity": "sha512-RawpLg84jX7EB5RORjPXycOqlYqSHS40oPewrcYrn6uNKmQKBjZZQ99p+hNj7QKoON6GxfAPGKmYxXMgFRNuNg=="
    },
    "@oxc-transform/binding-linux-x64-musl@0.66.0": {
      "integrity": "sha512-L5ftqB+nNVCcWhwfmhhWLVWfjII2WxmF6JbjiSoqJdsDBnb+EzlZKRk3pYhe9ESD2Kl5rhGCPSBcWkdqsmIreQ=="
    },
    "@oxc-transform/binding-wasm32-wasi@0.66.0": {
      "integrity": "sha512-8W8iifV4uvXP4n7qbsxHw3QzLib4F4Er3DOWqvjaSj/A0Ipyc4foX8mitVV6kJrh0DwP+Bcx6ohvawh9xN9AzQ==",
      "dependencies": [
        "@napi-rs/wasm-runtime"
      ]
    },
    "@oxc-transform/binding-win32-arm64-msvc@0.66.0": {
      "integrity": "sha512-E+dsoSIb9Ei/YSAZZGg4qLX7jiSbD/SzZEkxTl1pJpBVF9Dbq5D/9FcWe52qe3VegkUG2w8XwGmtaeeLikR/wA=="
    },
    "@oxc-transform/binding-win32-x64-msvc@0.66.0": {
      "integrity": "sha512-ZsIZeXr4Zexz/Sm4KoRlkjHda56eSCQizCM0E0fSyROwCjSiG+LT+L5czydBxietD1dZ4gSif8nMKzTMQrra7A=="
    },
    "@quansync/fs@0.1.2": {
      "integrity": "sha512-ezIadUb1aFhwJLd++WVqVpi9rnlX8vnd4ju7saPhwLHJN1mJgOv0puePTGV+FbtSnWtwoHDT8lAm4kagDZmpCg==",
      "dependencies": [
        "quansync"
      ]
    },
    "@rolldown/binding-darwin-arm64@1.0.0-beta.8-commit.151352b": {
      "integrity": "sha512-2F4bhDtV6CHBx7JMiT9xvmxkcZLHFmonfbli36RyfvgThDOAu92bis28zDTdguDY85lN/jBRKX/eOvX+T5hMkg=="
    },
    "@rolldown/binding-darwin-x64@1.0.0-beta.8-commit.151352b": {
      "integrity": "sha512-8VMChhFLeD/oOAQUspFtxZaV7ctDob63w626kwvBBIHtlpY2Ohw4rsfjjtGckyrTCI/RROgZv/TVVEsG3GkgLw=="
    },
    "@rolldown/binding-freebsd-x64@1.0.0-beta.8-commit.151352b": {
      "integrity": "sha512-4W28EgaIidbWIpwB3hESMBfiOSs7LBFpJGa8JIV488qLEnTR/pqzxDEoOPobhRSJ1lJlv0vUgA8+DKBIldo2gw=="
    },
    "@rolldown/binding-linux-arm-gnueabihf@1.0.0-beta.8-commit.151352b": {
      "integrity": "sha512-1ECtyzIKlAHikR7BhS4hk7Hxw8xCH6W3S+Sb74EM0vy5AqPvWSbgLfAwagYC7gNDcMMby3I757X7qih5fIrGiw=="
    },
    "@rolldown/binding-linux-arm64-gnu@1.0.0-beta.8-commit.151352b": {
      "integrity": "sha512-wU1kp8qPRUKC8N82dNs3F5+UyKRww9TUEO5dQ5mxCb0cG+y4l5rVaXpMgvL0VuQahPVvTMs577QPhJGb4iDONw=="
    },
    "@rolldown/binding-linux-arm64-musl@1.0.0-beta.8-commit.151352b": {
      "integrity": "sha512-odDjO2UtEEMAzwmLHEOKylJjQa+em1REAO9H19PA+O+lPu6evVbre5bqu8qCjEtHG1Q034LpZR86imCP2arb/w=="
    },
    "@rolldown/binding-linux-x64-gnu@1.0.0-beta.8-commit.151352b": {
      "integrity": "sha512-Ty2T67t2Oj1lg417ATRENxdk8Jkkksc/YQdCJyvkGqteHe60pSU2GGP/tLWGB+I0Ox+u387bzU/SmfmrHZk9aw=="
    },
    "@rolldown/binding-linux-x64-musl@1.0.0-beta.8-commit.151352b": {
      "integrity": "sha512-Fm1TxyeVE+gy74HM26CwbEOUndIoWAMgWkVDxYBD64tayvp5JvltpGHaqCg6x5i+X2F5XCDCItqwVlC7/mTxIw=="
    },
    "@rolldown/binding-wasm32-wasi@1.0.0-beta.8-commit.151352b": {
      "integrity": "sha512-AEZzTyGerfkffXmtv7kFJbHWkryNeolk0Br+yhH1wZyN6Tt6aebqICDL8KNRO2iExoEWzyYS6dPxh0QmvNTfUQ==",
      "dependencies": [
        "@napi-rs/wasm-runtime"
      ]
    },
    "@rolldown/binding-win32-arm64-msvc@1.0.0-beta.8-commit.151352b": {
      "integrity": "sha512-0lskDFKQwf5PMjl17qHAroU6oVU0Zn8NbAH/PdM9QB1emOzyFDGa20d4kESGeo3Uq7xOKXcTORJV/JwKIBORqw=="
    },
    "@rolldown/binding-win32-ia32-msvc@1.0.0-beta.8-commit.151352b": {
      "integrity": "sha512-DfG1S0zGKnUfr95cNCmR4YPiZ/moS7Tob5eV+9r5JGeHZVWFHWwvJdR0jArj6Ty0LbBFDTVVB3iAvqRSji+l0Q=="
    },
    "@rolldown/binding-win32-x64-msvc@1.0.0-beta.8-commit.151352b": {
      "integrity": "sha512-5HZEtc8U2I1O903hXBynWtWaf+qzAFj66h5B7gOtVcvqIk+lKRVSupA85OdIvR7emrsYU25ikpfiU5Jhg9kTbQ=="
    },
    "@tybys/wasm-util@0.9.0": {
      "integrity": "sha512-6+7nlbMVX/PVDCwaIQ8nTOPveOcFLSt8GcXdx8hD0bt39uWxYT88uXzqTd4fTvqta7oeUJqudepapKNt2DYJFw==",
      "dependencies": [
        "tslib"
      ]
    },
    "@types/node@20.17.31": {
      "integrity": "sha512-quODOCNXQAbNf1Q7V+fI8WyErOCh0D5Yd31vHnKu4GkSztGQ7rlltAaqXhHhLl33tlVyUXs2386MkANSwgDn6A==",
      "dependencies": [
        "undici-types@6.19.8"
      ]
    },
    "@types/node@22.12.0": {
      "integrity": "sha512-Fll2FZ1riMjNmlmJOdAyY5pUbkftXslB5DgEzlIuNaiWhXd00FhWxVC/r4yV/4wBb9JfImTu+jiSvXTkJ7F/gA==",
      "dependencies": [
        "undici-types@6.20.0"
      ]
    },
    "@valibot/to-json-schema@1.0.0_valibot@1.0.0__typescript@5.8.3_typescript@5.8.3": {
      "integrity": "sha512-/9crJgPptVsGCL6X+JPDQyaJwkalSZ/52WuF8DiRUxJgcmpNdzYRfZ+gqMEP8W3CTVfuMWPqqvIgfwJ97f9Etw==",
      "dependencies": [
        "valibot"
      ]
    },
    "accepts@2.0.0": {
      "integrity": "sha512-5cvg6CtKwfgdmVqY1WIiXKc3Q1bkRqGLi+2W/6ao+6Y7gu/RCwRuAhGEzh5B4KlszSuTLgZYuqFqo5bImjNKng==",
      "dependencies": [
        "mime-types",
        "negotiator"
      ]
    },
    "ansis@3.17.0": {
      "integrity": "sha512-0qWUglt9JEqLFr3w1I1pbrChn1grhaiAR2ocX1PP/flRmxgtwTzPFFFnfIlD6aMOLQZgSuCRlidD70lvx8yhzg=="
    },
    "body-parser@2.2.0": {
      "integrity": "sha512-02qvAaxv8tp7fBa/mw1ga98OGm+eCbqzJOKoRt70sLmfEEi+jyBYVTDGfCL/k06/4EMk/z01gCe7HoCH/f2LTg==",
      "dependencies": [
        "bytes",
        "content-type",
        "debug",
        "http-errors",
        "iconv-lite",
        "on-finished",
        "qs",
        "raw-body",
        "type-is"
      ]
    },
    "bytes@3.1.2": {
      "integrity": "sha512-/Nf7TyzTx6S3yRJObOAV7956r8cr2+Oj8AC5dt8wSP3BQAoeX58NoHyCU8P8zGkNXStjTSi6fzO6F0pBdcYbEg=="
    },
    "cac@6.7.14": {
      "integrity": "sha512-b6Ilus+c3RrdDk+JhLKUAQfzzgLEPy6wcXqS7f/xe1EETvsDP6GORG7SFuOs6cID5YkqchW/LXZbX5bc8j7ZcQ=="
    },
    "call-bind-apply-helpers@1.0.2": {
      "integrity": "sha512-Sp1ablJ0ivDkSzjcaJdxEunN5/XvksFJ2sMBFfq6x0ryhQV/2b/KwFe21cMpmHtPOSij8K99/wSfoEuTObmuMQ==",
      "dependencies": [
        "es-errors",
        "function-bind"
      ]
    },
    "call-bound@1.0.4": {
      "integrity": "sha512-+ys997U96po4Kx/ABpBCqhA9EuxJaQWDQg7295H4hBphv3IZg0boBKuwYpt4YXp6MZ5AmZQnU/tyMTlRpaSejg==",
      "dependencies": [
        "call-bind-apply-helpers",
        "get-intrinsic"
      ]
    },
    "chokidar@4.0.3": {
      "integrity": "sha512-Qgzu8kfBvo+cA4962jnP1KkS6Dop5NS6g7R5LFYJr4b8Ub94PPQXUksCw9PvXoeXPRRddRNC5C1JQUR2SMGtnA==",
      "dependencies": [
        "readdirp"
      ]
    },
    "consola@3.4.2": {
      "integrity": "sha512-5IKcdX0nnYavi6G7TtOhwkYzyjfJlatbjMjuLSfE2kYT5pMDOilZ4OvMhi637CcDICTmz3wARPoyhqyX1Y+XvA=="
    },
    "content-disposition@1.0.0": {
      "integrity": "sha512-Au9nRL8VNUut/XSzbQA38+M78dzP4D+eqg3gfJHMIHHYa3bg067xj1KxMUWj+VULbiZMowKngFFbKczUrNJ1mg==",
      "dependencies": [
        "safe-buffer"
      ]
    },
    "content-type@1.0.5": {
      "integrity": "sha512-nTjqfcBFEipKdXCv4YDQWCfmcLZKm81ldF0pAopTvyrFGVbcR6P/VAAd5G7N+0tTr8QqiU0tFadD6FK4NtJwOA=="
    },
    "cookie-signature@1.2.2": {
      "integrity": "sha512-D76uU73ulSXrD1UXF4KE2TMxVVwhsnCgfAyTg9k8P6KGZjlXKrOLe4dJQKI3Bxi5wjesZoFXJWElNWBjPZMbhg=="
    },
    "cookie@0.7.2": {
      "integrity": "sha512-yki5XnKuf750l50uGTllt6kKILY4nQ1eNIQatoXEByZ5dWgnKqbnqmTrBE5B4N7lrMJKQ2ytWMiTO2o0v6Ew/w=="
    },
    "cors@2.8.5": {
      "integrity": "sha512-KIHbLJqu73RGr/hnbrO9uBeixNGuvSQjul/jdFvS/KFSIH1hWVd1ng7zOHx+YrEfInLG7q4n6GHQ9cDtxv/P6g==",
      "dependencies": [
        "object-assign",
        "vary"
      ]
    },
    "cross-spawn@7.0.6": {
      "integrity": "sha512-uV2QOWP2nWzsy2aMp8aRibhi9dlzF5Hgh5SHaB9OiTGEyDTiJJyx0uy51QXdyWbtAHNua4XJzUKca3OzKUd3vA==",
      "dependencies": [
        "path-key",
        "shebang-command",
        "which"
      ]
    },
    "debug@4.4.0": {
      "integrity": "sha512-6WTZ/IxCY/T6BALoZHaE4ctp9xm+Z5kY/pzYaCHRFeyVhojxlrm+46y68HA6hr0TcwEssoxNiDEUJQjfPZ/RYA==",
      "dependencies": [
        "ms"
      ]
    },
    "defu@6.1.4": {
      "integrity": "sha512-mEQCMmwJu317oSz8CwdIOdwf3xMif1ttiM8LTufzc3g6kR+9Pe236twL8j3IYT1F7GfRgGcW6MWxzZjLIkuHIg=="
    },
    "depd@2.0.0": {
      "integrity": "sha512-g7nH6P6dyDioJogAAGprGpCtVImJhpPk/roCzdb3fIh61/s/nPsfR6onyMwkCAR/OlC3yBC0lESvUoQEAssIrw=="
    },
    "diff@7.0.0": {
      "integrity": "sha512-PJWHUb1RFevKCwaFA9RlG5tCd+FO5iRh9A8HEtkmBH2Li03iJriB6m6JIN4rGz3K3JLawI7/veA1xzRKP6ISBw=="
    },
    "dts-resolver@1.0.1": {
      "integrity": "sha512-t+NRUvrugV5KfFibjlCmIWT1OBnCoPbl8xvxISGIlJy76IvNXwgTWo2FywUuJTBc6yyUWde9PORHqczyP1GTIA==",
      "dependencies": [
        "oxc-resolver",
        "pathe"
      ]
    },
    "dunder-proto@1.0.1": {
      "integrity": "sha512-KIN/nDJBQRcXw0MLVhZE9iQHmG68qAVIBg9CqmUYjmQIhgij9U5MFvrqkUL5FbtyyzZuOeOt0zdeRe4UY7ct+A==",
      "dependencies": [
        "call-bind-apply-helpers",
        "es-errors",
        "gopd"
      ]
    },
    "ee-first@1.1.1": {
      "integrity": "sha512-WMwm9LhRUo+WUaRN+vRuETqG89IgZphVSNkdFgeb6sS/E4OrDIN7t48CAewSHXc6C8lefD8KKfr5vY61brQlow=="
    },
    "empathic@1.0.0": {
      "integrity": "sha512-qtKgI1Mv8rTacvpaTkh28HM2Lbf+IOjXb7rhpt/42kZxRm8TBb/IVlo5iL2ztT19kc/EHAFN0fZ641avlXAgdg=="
    },
    "encodeurl@2.0.0": {
      "integrity": "sha512-Q0n9HRi4m6JuGIV1eFlmvJB7ZEVxu93IrMyiMsGC0lrMJMWzRgx6WGquyfQgZVb31vhGgXnfmPNNXmxnOkRBrg=="
    },
    "es-define-property@1.0.1": {
      "integrity": "sha512-e3nRfgfUZ4rNGL232gUgX06QNyyez04KdjFrF+LTRoOXmrOgFKDg4BCdsjW8EnT69eqdYGmRpJwiPVYNrCaW3g=="
    },
    "es-errors@1.3.0": {
      "integrity": "sha512-Zf5H2Kxt2xjTvbJvP2ZWLEICxA6j+hAmMzIlypy4xcBg1vKVnx89Wy0GbS+kf5cwCVFFzdCFh2XSCFNULS6csw=="
    },
    "es-object-atoms@1.1.1": {
      "integrity": "sha512-FGgH2h8zKNim9ljj7dankFPcICIK9Cp5bm+c2gQSYePhpaG5+esrLODihIorn+Pe6FGJzWhXQotPv73jTaldXA==",
      "dependencies": [
        "es-errors"
      ]
    },
    "escape-html@1.0.3": {
      "integrity": "sha512-NiSupZ4OeuGwr68lGIeym/ksIZMJodUGOSCZ/FSnTxcrekbvqrgdUxlJOMpijaKZVjAJrWrGs/6Jy8OMuyj9ow=="
    },
    "etag@1.8.1": {
      "integrity": "sha512-aIL5Fx7mawVa300al2BnEE4iNvo1qETxLrPI/o05L7z6go7fCw1J6EQmbK4FmJ2AS7kgVF/KEZWufBfdClMcPg=="
    },
    "eventsource-parser@3.0.1": {
      "integrity": "sha512-VARTJ9CYeuQYb0pZEPbzi740OWFgpHe7AYJ2WFZVnUDUQp5Dk2yJUgF36YsZ81cOyxT0QxmXD2EQpapAouzWVA=="
    },
    "eventsource@3.0.6": {
      "integrity": "sha512-l19WpE2m9hSuyP06+FbuUUf1G+R0SFLrtQfbRb9PRr+oimOfxQhgGCbVaXg5IvZyyTThJsxh6L/srkMiCeBPDA==",
      "dependencies": [
        "eventsource-parser"
      ]
    },
    "express-rate-limit@7.5.0_express@5.1.0": {
      "integrity": "sha512-eB5zbQh5h+VenMPM3fh+nw1YExi5nMr6HUCR62ELSP11huvxm/Uir1H1QEyTkk5QX6A58pX6NmaTMceKZ0Eodg==",
      "dependencies": [
        "express"
      ]
    },
    "express@5.1.0": {
      "integrity": "sha512-DT9ck5YIRU+8GYzzU5kT3eHGA5iL+1Zd0EutOmTE9Dtk+Tvuzd23VBU+ec7HPNSTxXYO55gPV/hq4pSBJDjFpA==",
      "dependencies": [
        "accepts",
        "body-parser",
        "content-disposition",
        "content-type",
        "cookie",
        "cookie-signature",
        "debug",
        "encodeurl",
        "escape-html",
        "etag",
        "finalhandler",
        "fresh",
        "http-errors",
        "merge-descriptors",
        "mime-types",
        "on-finished",
        "once",
        "parseurl",
        "proxy-addr",
        "qs",
        "range-parser",
        "router",
        "send",
        "serve-static",
        "statuses",
        "type-is",
        "vary"
      ]
    },
    "fdir@6.4.4_picomatch@4.0.2": {
      "integrity": "sha512-1NZP+GK4GfuAv3PqKvxQRDMjdSRZjnkq7KfhlNrCNNlZ0ygQFpebfrnfnq/W7fpUnAv9aGWmY1zKx7FYL3gwhg==",
      "dependencies": [
        "picomatch"
      ]
    },
    "finalhandler@2.1.0": {
      "integrity": "sha512-/t88Ty3d5JWQbWYgaOGCCYfXRwV1+be02WqYYlL6h0lEiUAMPM8o8qKGO01YIkOHzka2up08wvgYD0mDiI+q3Q==",
      "dependencies": [
        "debug",
        "encodeurl",
        "escape-html",
        "on-finished",
        "parseurl",
        "statuses"
      ]
    },
    "forwarded@0.2.0": {
      "integrity": "sha512-buRG0fpBtRHSTCOASe6hD258tEubFoRLb4ZNA6NxMVHNw2gOcwHo9wyablzMzOA5z9xA9L1KNjk/Nt6MT9aYow=="
    },
    "fresh@2.0.0": {
      "integrity": "sha512-Rx/WycZ60HOaqLKAi6cHRKKI7zxWbJ31MhntmtwMoaTeF7XFH9hhBp8vITaMidfljRQ6eYWCKkaTK+ykVJHP2A=="
    },
    "function-bind@1.1.2": {
      "integrity": "sha512-7XHNxH7qX9xG5mIwxkhumTox/MIRNcOgDrxWsMt2pAr23WHp6MrRlN7FBSFpCpr+oVO0F744iUgR82nJMfG2SA=="
    },
    "get-intrinsic@1.3.0": {
      "integrity": "sha512-9fSjSaos/fRIVIp+xSJlE6lfwhES7LNtKaCBIamHsjr2na1BiABJPo0mOjjz8GJDURarmCPGqaiVg5mfjb98CQ==",
      "dependencies": [
        "call-bind-apply-helpers",
        "es-define-property",
        "es-errors",
        "es-object-atoms",
        "function-bind",
        "get-proto",
        "gopd",
        "has-symbols",
        "hasown",
        "math-intrinsics"
      ]
    },
    "get-proto@1.0.1": {
      "integrity": "sha512-sTSfBjoXBp89JvIKIefqw7U2CCebsc74kiY6awiGogKtoSGbgjYE/G/+l9sF3MWFPNc9IcoOC4ODfKHfxFmp0g==",
      "dependencies": [
        "dunder-proto",
        "es-object-atoms"
      ]
    },
    "get-tsconfig@4.10.0": {
      "integrity": "sha512-kGzZ3LWWQcGIAmg6iWvXn0ei6WDtV26wzHRMwDSzmAbcXrTEXxHy6IehI6/4eT6VRKyMP1eF1VqwrVUmE/LR7A==",
      "dependencies": [
        "resolve-pkg-maps"
      ]
    },
    "gopd@1.2.0": {
      "integrity": "sha512-ZUKRh6/kUFoAiTAtTYPZJ3hw9wNxx+BIBOijnlG9PnrJsCcSjs1wyyD6vJpaYtgnzDrKYRSqf3OO6Rfa93xsRg=="
    },
    "has-symbols@1.1.0": {
      "integrity": "sha512-1cDNdwJ2Jaohmb3sg4OmKaMBwuC48sYni5HUw2DvsC8LjGTLK9h+eb1X6RyuOHe4hT0ULCW68iomhjUoKUqlPQ=="
    },
    "hasown@2.0.2": {
      "integrity": "sha512-0hJU9SCPvmMzIBdZFqNPXWa6dqh7WdH0cII9y+CyS8rG3nL48Bclra9HmKhVVUHyPWNH5Y7xDwAB7bfgSjkUMQ==",
      "dependencies": [
        "function-bind"
      ]
    },
    "hookable@5.5.3": {
      "integrity": "sha512-Yc+BQe8SvoXH1643Qez1zqLRmbA5rCL+sSmk6TVos0LWVfNIB7PGncdlId77WzLGSIB5KaWgTaNTs2lNVEI6VQ=="
    },
    "http-errors@2.0.0": {
      "integrity": "sha512-FtwrG/euBzaEjYeRqOgly7G0qviiXoJWnvEH2Z1plBdXgbyjv34pHTSb9zoeHMyDy33+DWy5Wt9Wo+TURtOYSQ==",
      "dependencies": [
        "depd",
        "inherits",
        "setprototypeof",
        "statuses",
        "toidentifier"
      ]
    },
    "iconv-lite@0.6.3": {
      "integrity": "sha512-4fCk79wshMdzMp2rH06qWrJE4iolqLhCUH+OiuIgU++RB0+94NlDL81atO7GX55uUKueo0txHNtvEyI6D7WdMw==",
      "dependencies": [
        "safer-buffer"
      ]
    },
    "inherits@2.0.4": {
      "integrity": "sha512-k/vGaX4/Yla3WzyMCvTQOXYeIHvqOKtnqBduzTHpzpQZzAskKMhZ2K+EnBiSM9zGSoIFeMpXKxa4dYeZIQqewQ=="
    },
    "ipaddr.js@1.9.1": {
      "integrity": "sha512-0KI/607xoxSToH7GjN1FfSbLoU0+btTicjsQSWQlh/hZykN8KpmMf7uYwPW3R+akZ6R/w18ZlXSHBYXiYUPO3g=="
    },
    "is-promise@4.0.0": {
      "integrity": "sha512-hvpoI6korhJMnej285dSg6nu1+e6uxs7zG3BYAm5byqDsgJNWwxzM6z6iZiAgQR4TJ30JmBTOwqZUw3WlyH3AQ=="
    },
    "isexe@2.0.0": {
      "integrity": "sha512-RHxMLp9lnKHGHRng9QFhRCMbYAcVpn69smSGcq3f36xjgVVWThj4qqLbTLlq7Ssj8B+fIQ1EuCEGI2lKsyQeIw=="
    },
    "jiti@2.4.2": {
      "integrity": "sha512-rg9zJN+G4n2nfJl5MW3BMygZX56zKPNVEYYqq7adpmMh4Jn2QNEwhvQlFy6jPVdcod7txZtKHWnyZiA3a0zP7A=="
    },
    "magic-string-ast@0.9.1": {
      "integrity": "sha512-18dv2ZlSSgJ/jDWlZGKfnDJx56ilNlYq9F7NnwuWTErsmYmqJ2TWE4l1o2zlUHBYUGBy3tIhPCC1gxq8M5HkMA==",
      "dependencies": [
        "magic-string"
      ]
    },
    "magic-string@0.30.17": {
      "integrity": "sha512-sNPKHvyjVf7gyjwS4xGTaW/mCnF8wnjtifKBEhxfZ7E/S8tQ0rssrwGNn6q8JH/ohItJfSQp9mBtQYuTlH5QnA==",
      "dependencies": [
        "@jridgewell/sourcemap-codec"
      ]
    },
    "math-intrinsics@1.1.0": {
      "integrity": "sha512-/IXtbwEk5HTPyEwyKX6hGkYXxM9nbj64B+ilVJnC/R6B0pH5G4V3b0pVbL7DBj4tkhBAppbQUlf6F6Xl9LHu1g=="
    },
    "media-typer@1.1.0": {
      "integrity": "sha512-aisnrDP4GNe06UcKFnV5bfMNPBUw4jsLGaWwWfnH3v02GnBuXX2MCVn5RbrWo0j3pczUilYblq7fQ7Nw2t5XKw=="
    },
    "merge-descriptors@2.0.0": {
      "integrity": "sha512-Snk314V5ayFLhp3fkUREub6WtjBfPdCPY1Ln8/8munuLuiYhsABgBVWsozAG+MWMbVEvcdcpbi9R7ww22l9Q3g=="
    },
    "mime-db@1.54.0": {
      "integrity": "sha512-aU5EJuIN2WDemCcAp2vFBfp/m4EAhWJnUNSSw0ixs7/kXbd6Pg64EmwJkNdFhB8aWt1sH2CTXrLxo/iAGV3oPQ=="
    },
    "mime-types@3.0.1": {
      "integrity": "sha512-xRc4oEhT6eaBpU1XF7AjpOFD+xQmXNB5OVKwp4tqCuBpHLS/ZbBDrc07mYTDqVMg6PfxUjjNp85O6Cd2Z/5HWA==",
      "dependencies": [
        "mime-db"
      ]
    },
    "ms@2.1.3": {
      "integrity": "sha512-6FlzubTLZG3J2a/NVCAleEhjzq5oxgHyaCU9yYXvcLsvoVaHJq/s5xXI6/XXP6tz7R9xAOtHnSO/tXtF3WRTlA=="
    },
    "negotiator@1.0.0": {
      "integrity": "sha512-8Ofs/AUQh8MaEcrlq5xOX0CQ9ypTF5dl78mjlMNfOK08fzpgTHQRQPBxcPlEtIw0yRpws+Zo/3r+5WRby7u3Gg=="
    },
    "object-assign@4.1.1": {
      "integrity": "sha512-rJgTQnkUnH1sFw8yT6VSU3zD3sWmu6sZhIseY8VX+GRu3P6F7Fu+JNDoXfklElbLJSnc3FUQHVe4cU5hj+BcUg=="
    },
    "object-inspect@1.13.4": {
      "integrity": "sha512-W67iLl4J2EXEGTbfeHCffrjDfitvLANg0UlX3wFUUSTx92KXRFegMHUVgSqE+wvhAbi4WqjGg9czysTV2Epbew=="
    },
    "on-finished@2.4.1": {
      "integrity": "sha512-oVlzkg3ENAhCk2zdv7IJwd/QUD4z2RxRwpkcGY8psCVcCYZNq4wYnVWALHM+brtuJjePWiYF/ClmuDr8Ch5+kg==",
      "dependencies": [
        "ee-first"
      ]
    },
    "once@1.4.0": {
      "integrity": "sha512-lNaJgI+2Q5URQBkccEKHTQOPaXdUxnZZElQTZY0MFUAuaEqe1E+Nyvgdz/aIyNi6Z9MzO5dv1H8n58/GELp3+w==",
      "dependencies": [
        "wrappy"
      ]
    },
    "oxc-parser@0.66.0": {
      "integrity": "sha512-uNkhp3ZueIqwU/Hm1ccDl/ZuAKAEhVlEj3W9sC6aD66ArxjO0xA6RZ9w85XJ2rugAt4g6R4tWeGvpJOSG3jfKg==",
      "dependencies": [
        "@oxc-parser/binding-darwin-arm64",
        "@oxc-parser/binding-darwin-x64",
        "@oxc-parser/binding-linux-arm-gnueabihf",
        "@oxc-parser/binding-linux-arm64-gnu",
        "@oxc-parser/binding-linux-arm64-musl",
        "@oxc-parser/binding-linux-x64-gnu",
        "@oxc-parser/binding-linux-x64-musl",
        "@oxc-parser/binding-wasm32-wasi",
        "@oxc-parser/binding-win32-arm64-msvc",
        "@oxc-parser/binding-win32-x64-msvc",
        "@oxc-project/types"
      ]
    },
    "oxc-resolver@6.0.2": {
      "integrity": "sha512-iO4XRuD6GzQpxGCIiW9bjVpIUPVETeH7vnhB0xQpXEq0mal67K3vrTlyB64imPCNV9iwpIjJM5W++ZlgCXII6A==",
      "dependencies": [
        "@oxc-resolver/binding-darwin-arm64",
        "@oxc-resolver/binding-darwin-x64",
        "@oxc-resolver/binding-freebsd-x64",
        "@oxc-resolver/binding-linux-arm-gnueabihf",
        "@oxc-resolver/binding-linux-arm64-gnu",
        "@oxc-resolver/binding-linux-arm64-musl",
        "@oxc-resolver/binding-linux-riscv64-gnu",
        "@oxc-resolver/binding-linux-s390x-gnu",
        "@oxc-resolver/binding-linux-x64-gnu",
        "@oxc-resolver/binding-linux-x64-musl",
        "@oxc-resolver/binding-wasm32-wasi",
        "@oxc-resolver/binding-win32-arm64-msvc",
        "@oxc-resolver/binding-win32-x64-msvc"
      ]
    },
    "oxc-transform@0.66.0": {
      "integrity": "sha512-vfs0oVJAAgX8GrZ5jO1sQp29c4HYSZ4MTtievyqawSeNpqF0yj69tpAwpDZ+MxYt3dqZ8lrGh9Ji80YlG0hpoA==",
      "dependencies": [
        "@oxc-transform/binding-darwin-arm64",
        "@oxc-transform/binding-darwin-x64",
        "@oxc-transform/binding-linux-arm-gnueabihf",
        "@oxc-transform/binding-linux-arm64-gnu",
        "@oxc-transform/binding-linux-arm64-musl",
        "@oxc-transform/binding-linux-x64-gnu",
        "@oxc-transform/binding-linux-x64-musl",
        "@oxc-transform/binding-wasm32-wasi",
        "@oxc-transform/binding-win32-arm64-msvc",
        "@oxc-transform/binding-win32-x64-msvc"
      ]
    },
    "parseurl@1.3.3": {
      "integrity": "sha512-CiyeOxFT/JZyN5m0z9PfXw4SCBJ6Sygz1Dpl0wqjlhDEGGBP1GnsUVEL0p63hoG1fcj3fHynXi9NYO4nWOL+qQ=="
    },
    "path-key@3.1.1": {
      "integrity": "sha512-ojmeN0qd+y0jszEtoY48r0Peq5dwMEkIlCOu6Q5f41lfkswXuKtYrhgoTpLnyIcHm24Uhqx+5Tqm2InSwLhE6Q=="
    },
    "path-to-regexp@8.2.0": {
      "integrity": "sha512-TdrF7fW9Rphjq4RjrW0Kp2AW0Ahwu9sRGTkS6bvDi0SCwZlEZYmcfDbEsTz8RVk0EHIS/Vd1bv3JhG+1xZuAyQ=="
    },
    "pathe@2.0.3": {
      "integrity": "sha512-WUjGcAqP1gQacoQe+OBJsFA7Ld4DyXuUIjZ5cc75cLHvJ7dtNsTugphxIADwspS+AraAUePCKrSVtPLFj/F88w=="
    },
    "picomatch@4.0.2": {
      "integrity": "sha512-M7BAV6Rlcy5u+m6oPhAPFgJTzAioX/6B0DxyvDlo9l8+T3nLKbrczg2WLUyzd45L8RqfUMyGPzekbMvX2Ldkwg=="
    },
    "pkce-challenge@5.0.0": {
      "integrity": "sha512-ueGLflrrnvwB3xuo/uGob5pd5FN7l0MsLf0Z87o/UQmRtwjvfylfc9MurIxRAWywCYTgrvpXBcqjV4OfCYGCIQ=="
    },
    "proxy-addr@2.0.7": {
      "integrity": "sha512-llQsMLSUDUPT44jdrU/O37qlnifitDP+ZwrmmZcoSKyLKvtZxpyV0n2/bD/N4tBAAZ/gJEdZU7KMraoK1+XYAg==",
      "dependencies": [
        "forwarded",
        "ipaddr.js"
      ]
    },
    "qs@6.14.0": {
      "integrity": "sha512-YWWTjgABSKcvs/nWBi9PycY/JiPJqOD4JA6o9Sej2AtvSGarXxKC3OQSk4pAarbdQlKAh5D4FCQkJNkW+GAn3w==",
      "dependencies": [
        "side-channel"
      ]
    },
    "quansync@0.2.10": {
      "integrity": "sha512-t41VRkMYbkHyCYmOvx/6URnN80H7k4X0lLdBMGsz+maAwrJQYB1djpV6vHrQIBE0WBSGqhtEHrK9U3DWWH8v7A=="
    },
    "range-parser@1.2.1": {
      "integrity": "sha512-Hrgsx+orqoygnmhFbKaHE6c296J+HTAQXoxEF6gNupROmmGJRoyzfG3ccAveqCBrwr/2yxQ5BVd/GTl5agOwSg=="
    },
    "raw-body@3.0.0": {
      "integrity": "sha512-RmkhL8CAyCRPXCE28MMH0z2PNWQBNk2Q09ZdxM9IOOXwxwZbN+qbWaatPkdkWIKL2ZVDImrN/pK5HTRz2PcS4g==",
      "dependencies": [
        "bytes",
        "http-errors",
        "iconv-lite",
        "unpipe"
      ]
    },
    "readdirp@4.1.2": {
      "integrity": "sha512-GDhwkLfywWL2s6vEjyhri+eXmfH6j1L7JE27WhqLeYzoh/A3DBaYGEj2H/HFZCn/kMfim73FXxEJTw06WtxQwg=="
    },
    "resolve-pkg-maps@1.0.0": {
      "integrity": "sha512-seS2Tj26TBVOC2NIc2rOe2y2ZO7efxITtLZcGSOnHHNOQ7CkiUBfw0Iw2ck6xkIhPwLhKNLS8BO+hEpngQlqzw=="
    },
    "rolldown-plugin-dts@0.8.6_rolldown@1.0.0-beta.8-commit.151352b__valibot@1.0.0___typescript@5.8.3__typescript@5.8.3_typescript@5.8.3": {
      "integrity": "sha512-uWhYtTLR0vze2gUmWFcMkjhM4/9aN2LnnmRl/iKa3p8iFcuM4W6peR032xuGauLczL+9zytO+A4VX13oDQ/trg==",
      "dependencies": [
        "debug",
        "dts-resolver",
        "get-tsconfig",
        "magic-string-ast",
        "oxc-parser",
        "oxc-transform",
        "rolldown",
        "typescript"
      ]
    },
    "rolldown@1.0.0-beta.8-commit.151352b_valibot@1.0.0__typescript@5.8.3_typescript@5.8.3": {
      "integrity": "sha512-TCb6GVaFBk4wB0LERofFDxTO5X1/Sgahr7Yn5UA9XjuFtCwL1CyEhUHX5lUIstcMxjbkLjn2z4TAGwisr6Blvw==",
      "dependencies": [
        "@oxc-project/types",
        "@rolldown/binding-darwin-arm64",
        "@rolldown/binding-darwin-x64",
        "@rolldown/binding-freebsd-x64",
        "@rolldown/binding-linux-arm-gnueabihf",
        "@rolldown/binding-linux-arm64-gnu",
        "@rolldown/binding-linux-arm64-musl",
        "@rolldown/binding-linux-x64-gnu",
        "@rolldown/binding-linux-x64-musl",
        "@rolldown/binding-wasm32-wasi",
        "@rolldown/binding-win32-arm64-msvc",
        "@rolldown/binding-win32-ia32-msvc",
        "@rolldown/binding-win32-x64-msvc",
        "@valibot/to-json-schema",
        "ansis",
        "valibot"
      ]
    },
    "router@2.2.0": {
      "integrity": "sha512-nLTrUKm2UyiL7rlhapu/Zl45FwNgkZGaCpZbIHajDYgwlJCOzLSk+cIPAnsEqV955GjILJnKbdQC1nVPz+gAYQ==",
      "dependencies": [
        "debug",
        "depd",
        "is-promise",
        "parseurl",
        "path-to-regexp"
      ]
    },
    "safe-buffer@5.2.1": {
      "integrity": "sha512-rp3So07KcdmmKbGvgaNxQSJr7bGVSVk5S9Eq1F+ppbRo70+YeaDxkw5Dd8NPN+GD6bjnYm2VuPuCXmpuYvmCXQ=="
    },
    "safer-buffer@2.1.2": {
      "integrity": "sha512-YZo3K82SD7Riyi0E1EQPojLz7kpepnSQI9IyPbHHg1XXXevb5dJI7tpyN2ADxGcQbHG7vcyRHk0cbwqcQriUtg=="
    },
    "send@1.2.0": {
      "integrity": "sha512-uaW0WwXKpL9blXE2o0bRhoL2EGXIrZxQ2ZQ4mgcfoBxdFmQold+qWsD2jLrfZ0trjKL6vOw0j//eAwcALFjKSw==",
      "dependencies": [
        "debug",
        "encodeurl",
        "escape-html",
        "etag",
        "fresh",
        "http-errors",
        "mime-types",
        "ms",
        "on-finished",
        "range-parser",
        "statuses"
      ]
    },
    "serve-static@2.2.0": {
      "integrity": "sha512-61g9pCh0Vnh7IutZjtLGGpTA355+OPn2TyDv/6ivP2h/AdAVX9azsoxmg2/M6nZeQZNYBEwIcsne1mJd9oQItQ==",
      "dependencies": [
        "encodeurl",
        "escape-html",
        "parseurl",
        "send"
      ]
    },
    "setprototypeof@1.2.0": {
      "integrity": "sha512-E5LDX7Wrp85Kil5bhZv46j8jOeboKq5JMmYM3gVGdGH8xFpPWXUMsNrlODCrkoxMEeNi/XZIwuRvY4XNwYMJpw=="
    },
    "shebang-command@2.0.0": {
      "integrity": "sha512-kHxr2zZpYtdmrN1qDjrrX/Z1rR1kG8Dx+gkpK1G4eXmvXswmcE1hTWBWYUzlraYw1/yZp6YuDY77YtvbN0dmDA==",
      "dependencies": [
        "shebang-regex"
      ]
    },
    "shebang-regex@3.0.0": {
      "integrity": "sha512-7++dFhtcx3353uBaq8DDR4NuxBetBzC7ZQOhmTQInHEd6bSrXdiEyzCvG07Z44UYdLShWUyXt5M/yhz8ekcb1A=="
    },
    "side-channel-list@1.0.0": {
      "integrity": "sha512-FCLHtRD/gnpCiCHEiJLOwdmFP+wzCmDEkc9y7NsYxeF4u7Btsn1ZuwgwJGxImImHicJArLP4R0yX4c2KCrMrTA==",
      "dependencies": [
        "es-errors",
        "object-inspect"
      ]
    },
    "side-channel-map@1.0.1": {
      "integrity": "sha512-VCjCNfgMsby3tTdo02nbjtM/ewra6jPHmpThenkTYh8pG9ucZ/1P8So4u4FGBek/BjpOVsDCMoLA/iuBKIFXRA==",
      "dependencies": [
        "call-bound",
        "es-errors",
        "get-intrinsic",
        "object-inspect"
      ]
    },
    "side-channel-weakmap@1.0.2": {
      "integrity": "sha512-WPS/HvHQTYnHisLo9McqBHOJk2FkHO/tlpvldyrnem4aeQp4hai3gythswg6p01oSoTl58rcpiFAjF2br2Ak2A==",
      "dependencies": [
        "call-bound",
        "es-errors",
        "get-intrinsic",
        "object-inspect",
        "side-channel-map"
      ]
    },
    "side-channel@1.1.0": {
      "integrity": "sha512-ZX99e6tRweoUXqR+VBrslhda51Nh5MTQwou5tnUDgbtyM0dBgmhEDtWGP/xbKn6hqfPRHujUNwz5fy/wbbhnpw==",
      "dependencies": [
        "es-errors",
        "object-inspect",
        "side-channel-list",
        "side-channel-map",
        "side-channel-weakmap"
      ]
    },
    "statuses@2.0.1": {
      "integrity": "sha512-RwNA9Z/7PrK06rYLIzFMlaF+l73iwpzsqRIFgbMLbTcLD6cOao82TaWefPXQvB2fOC4AjuYSEndS7N/mTCbkdQ=="
    },
    "tinyexec@1.0.1": {
      "integrity": "sha512-5uC6DDlmeqiOwCPmK9jMSdOuZTh8bU39Ys6yidB+UTt5hfZUPGAypSgFRiEp+jbi9qH40BLDvy85jIU88wKSqw=="
    },
    "tinyglobby@0.2.13_picomatch@4.0.2": {
      "integrity": "sha512-mEwzpUgrLySlveBwEVDMKk5B57bhLPYovRfPAXD5gA/98Opn0rCDj3GtLwFvCvH5RK9uPCExUROW5NjDwvqkxw==",
      "dependencies": [
        "fdir",
        "picomatch"
      ]
    },
    "toidentifier@1.0.1": {
      "integrity": "sha512-o5sSPKEkg/DIQNmH43V0/uerLrpzVedkUh8tGNvaeXpfpuwjKenlSox/2O/BTlZUtEe+JG7s5YhEz608PlAHRA=="
    },
    "tsdown@0.9.8_rolldown@1.0.0-beta.8-commit.151352b__valibot@1.0.0___typescript@5.8.3__typescript@5.8.3_typescript@5.8.3": {
      "integrity": "sha512-h/ZVkNwAEVJNzIC3dUyDJ+EXzzApF/m7ID5lqFRdp2ko1nUpHq5d5WJWlpLM6851E5JFGCbNXu21T+lg4RLXtg==",
      "dependencies": [
        "ansis",
        "cac",
        "chokidar",
        "consola",
        "debug",
        "diff",
        "empathic",
        "hookable",
        "rolldown",
        "rolldown-plugin-dts",
        "tinyexec",
        "tinyglobby",
        "unconfig"
      ]
    },
    "tslib@2.8.1": {
      "integrity": "sha512-oJFu94HQb+KVduSUQL7wnpmqnfmLsOA/nAh6b6EH0wCEoK0/mPeXU6c3wKDV83MkOuHPRHtSXKKU99IBazS/2w=="
    },
    "type-is@2.0.1": {
      "integrity": "sha512-OZs6gsjF4vMp32qrCbiVSkrFmXtG/AZhY3t0iAMrMBiAZyV9oALtXO8hsrHbMXF9x6L3grlFuwW2oAz7cav+Gw==",
      "dependencies": [
        "content-type",
        "media-typer",
        "mime-types"
      ]
    },
    "typescript@5.8.3": {
      "integrity": "sha512-p1diW6TqL9L07nNxvRMM7hMMw4c5XOo/1ibL4aAIGmSAt9slTE1Xgw5KWuof2uTOvCg9BY7ZRi+GaF+7sfgPeQ=="
    },
    "unconfig@7.3.2": {
      "integrity": "sha512-nqG5NNL2wFVGZ0NA/aCFw0oJ2pxSf1lwg4Z5ill8wd7K4KX/rQbHlwbh+bjctXL5Ly1xtzHenHGOK0b+lG6JVg==",
      "dependencies": [
        "@quansync/fs",
        "defu",
        "jiti",
        "quansync"
      ]
    },
    "undici-types@6.19.8": {
      "integrity": "sha512-ve2KP6f/JnbPBFyobGHuerC9g1FYGn/F8n1LWTwNxCEzd6IfqTwUQcNXgEtmmQ6DlRrC1hrSrBnCZPokRrDHjw=="
    },
    "undici-types@6.20.0": {
      "integrity": "sha512-Ny6QZ2Nju20vw1SRHe3d9jVu6gJ+4e3+MMpqu7pqE5HT6WsTSlce++GQmK5UXS8mzV8DSYHrQH+Xrf2jVcuKNg=="
    },
    "unpipe@1.0.0": {
      "integrity": "sha512-pjy2bYhSsufwWlKwPc+l3cN7+wuJlK6uz0YdJEOlQDbl6jo/YlPi4mb8agUkVC8BF7V8NuzeyPNqRksA3hztKQ=="
    },
    "valibot@1.0.0_typescript@5.8.3": {
      "integrity": "sha512-1Hc0ihzWxBar6NGeZv7fPLY0QuxFMyxwYR2sF1Blu7Wq7EnremwY2W02tit2ij2VJT8HcSkHAQqmFfl77f73Yw==",
      "dependencies": [
        "typescript"
      ]
    },
    "vary@1.1.2": {
      "integrity": "sha512-BNGbWLfd0eUPabhkXUVm0j8uuvREyTh5ovRa/dyow/BqAbZJyC+5fU+IzQOzmAKzYqYRAISoRhdQr3eIZ/PXqg=="
    },
    "which@2.0.2": {
      "integrity": "sha512-BLI3Tl1TW3Pvl70l3yq3Y64i+awpwXqsGBYWkkqMtnbXgrMD+yj7rhW0kuEDxzJaYXGjEW5ogapKNMEKNMjibA==",
      "dependencies": [
        "isexe"
      ]
    },
    "wrappy@1.0.2": {
      "integrity": "sha512-l4Sp/DRseor9wL6EvV2+TuQn63dMkPjZ/sp9XkghTEbV9KlPS1xUsZ3u7/IQO4wxtcFB4bgpQPRcR3QCvezPcQ=="
    },
    "zod-to-json-schema@3.24.5_zod@3.24.3": {
      "integrity": "sha512-/AuWwMP+YqiPbsJx5D6TfgRTc4kTLjsh5SOcd4bLsfUg2RcEXrFMJl1DGgdHy2aCfsIA/cr/1JM0xcB2GZji8g==",
      "dependencies": [
        "zod"
      ]
    },
    "zod@3.24.3": {
      "integrity": "sha512-HhY1oqzWCQWuUqvBFnsyrtZRhyPeR7SUGv+C4+MsisMuVfSPx8HpwWqH8tRahSlt6M3PiFAcoeFhZAqIXTxoSg=="
    }
  },
  "redirects": {
    "https://deno.land/std/dotenv/mod.ts": "https://deno.land/std@0.224.0/dotenv/mod.ts"
  },
  "remote": {
    "https://deno.land/std@0.220.1/async/delay.ts": "8e1d18fe8b28ff95885e2bc54eccec1713f57f756053576d8228e6ca110793ad",
    "https://deno.land/std@0.220.1/http/server.ts": "cc8ae0de927c3afc855466b89bf9a7a3196223f47f2723e218912c6ca3eb166c",
    "https://deno.land/std@0.224.0/async/delay.ts": "f90dd685b97c2f142b8069082993e437b1602b8e2561134827eeb7c12b95c499",
    "https://deno.land/std@0.224.0/dotenv/load.ts": "587b342f0f6a3df071331fe6ba1c823729ab68f7d53805809475e486dd4161d7",
    "https://deno.land/std@0.224.0/dotenv/mod.ts": "0180eaeedaaf88647318811cdaa418cc64dc51fb08354f91f5f480d0a1309f7d",
    "https://deno.land/std@0.224.0/dotenv/parse.ts": "09977ff88dfd1f24f9973a338f0f91bbdb9307eb5ff6085446e7c423e4c7ba0c",
    "https://deno.land/std@0.224.0/dotenv/stringify.ts": "275da322c409170160440836342eaa7cf012a1d11a7e700d8ca4e7f2f8aa4615",
    "https://deno.land/std@0.224.0/http/server.ts": "f9313804bf6467a1704f45f76cb6cd0a3396a3b31c316035e6a4c2035d1ea514"
  },
  "workspace": {
    "dependencies": [
      "npm:@modelcontextprotocol/sdk@1.10.2",
      "npm:zod@3.24.3"
    ],
    "packageJson": {
      "dependencies": [
        "npm:@modelcontextprotocol/sdk@1.10.2",
        "npm:@types/node@20.17.31",
        "npm:tsdown@0.9.8",
        "npm:typescript@5.8.3",
        "npm:zod@3.24.3"
      ]
    }
  }
}
